
Microsoft Visual Studio Solution File, Format Version 12.00
# Visual Studio Version 16
VisualStudioVersion = 16.0.30320.27
MinimumVisualStudioVersion = 10.0.40219.1
Project("{FAE04EC0-301F-11D3-BF4B-00C04F79EFBC}") = "DofLauncher", "DofLauncher\DofLauncher.csproj", "{06EE747B-BCF1-4702-AD3A-A9A3BB1537D5}"
EndProject
Global
	GlobalSection(SolutionConfigurationPlatforms) = preSolution
		Debug|Any CPU = Debug|Any CPU
		Release|Any CPU = Release|Any CPU
	EndGlobalSection
	GlobalSection(ProjectConfigurationPlatforms) = postSolution
		{06EE747B-BCF1-4702-AD3A-A9A3BB1537D5}.Debug|Any CPU.ActiveCfg = Debug|Any CPU
		{06EE747B-BCF1-4702-AD3A-A9A3BB1537D5}.Debug|Any CPU.Build.0 = Debug|Any CPU
		{06EE747B-BCF1-4702-AD3A-A9A3BB1537D5}.Release|Any CPU.ActiveCfg = Release|Any CPU
		{06EE747B-BCF1-4702-AD3A-A9A3BB1537D5}.Release|Any CPU.Build.0 = Release|Any CPU
	EndGlobalSection
	GlobalSection(SolutionProperties) = preSolution
		HideSolutionNode = FALSE
	EndGlobalSection
	GlobalSection(ExtensibilityGlobals) = postSolution
		SolutionGuid = {FBBE0803-F317-439A-A98A-11600D8FE398}
	EndGlobalSection
EndGlobal
